
Microsoft Visual Studio Solution File, Format Version 11.00
# Visual Studio 2010
# SharpDevelop 4.4
Project("{FAE04EC0-301F-11D3-BF4B-00C04F79EFBC}") = "Crud with C#", "Crud with C#\Crud with C#.csproj", "{13DCA68A-EA41-45EC-845E-4C15AB6D65AD}"
EndProject
Global
	GlobalSection(SolutionConfigurationPlatforms) = preSolution
		Debug|Any CPU = Debug|Any CPU
		Release|Any CPU = Release|Any CPU
	EndGlobalSection
	GlobalSection(ProjectConfigurationPlatforms) = postSolution
		{13DCA68A-EA41-45EC-845E-4C15AB6D65AD}.Debug|Any CPU.Build.0 = Debug|Any CPU
		{13DCA68A-EA41-45EC-845E-4C15AB6D65AD}.Debug|Any CPU.ActiveCfg = Debug|Any CPU
		{13DCA68A-EA41-45EC-845E-4C15AB6D65AD}.Release|Any CPU.Build.0 = Release|Any CPU
		{13DCA68A-EA41-45EC-845E-4C15AB6D65AD}.Release|Any CPU.ActiveCfg = Release|Any CPU
	EndGlobalSection
EndGlobal
